
Microsoft Visual Studio Solution File, Format Version 12.00
# Visual Studio Version 17
VisualStudioVersion = 17.10.34928.147
MinimumVisualStudioVersion = 10.0.40219.1
Project("{8BC9CEB8-8B4A-11D0-8D11-00A0C91BC942}") = "sorter_flat_code", "sorter_flat_code\sorter_flat_code.vcxproj", "{143A831E-1CC5-4F8E-A39D-0673632495CC}"
EndProject
Global
	GlobalSection(SolutionConfigurationPlatforms) = preSolution
		Debug|x64 = Debug|x64
		Debug|x86 = Debug|x86
		Release|x64 = Release|x64
		Release|x86 = Release|x86
	EndGlobalSection
	GlobalSection(ProjectConfigurationPlatforms) = postSolution
		{143A831E-1CC5-4F8E-A39D-0673632495CC}.Debug|x64.ActiveCfg = Debug|x64
		{143A831E-1CC5-4F8E-A39D-0673632495CC}.Debug|x64.Build.0 = Debug|x64
		{143A831E-1CC5-4F8E-A39D-0673632495CC}.Debug|x86.ActiveCfg = Debug|Win32
		{143A831E-1CC5-4F8E-A39D-0673632495CC}.Debug|x86.Build.0 = Debug|Win32
		{143A831E-1CC5-4F8E-A39D-0673632495CC}.Release|x64.ActiveCfg = Release|x64
		{143A831E-1CC5-4F8E-A39D-0673632495CC}.Release|x64.Build.0 = Release|x64
		{143A831E-1CC5-4F8E-A39D-0673632495CC}.Release|x86.ActiveCfg = Release|Win32
		{143A831E-1CC5-4F8E-A39D-0673632495CC}.Release|x86.Build.0 = Release|Win32
	EndGlobalSection
	GlobalSection(SolutionProperties) = preSolution
		HideSolutionNode = FALSE
	EndGlobalSection
	GlobalSection(ExtensibilityGlobals) = postSolution
		SolutionGuid = {E8E5A598-1DF4-4E49-B74A-EEDB579370B6}
	EndGlobalSection
EndGlobal
